
Microsoft Visual Studio Solution File, Format Version 12.00
# Visual Studio Version 17
VisualStudioVersion = 17.7.34009.444
MinimumVisualStudioVersion = 10.0.40219.1
Project("{888888A0-9F3D-457C-B088-3A5042F75D52}") = "littlelemon_capstone", "littlelemon_capstone.pyproj", "{0C45D81D-7556-4538-A6F7-F388042983C9}"
EndProject
Global
	GlobalSection(SolutionConfigurationPlatforms) = preSolution
		Debug|Any CPU = Debug|Any CPU
		Release|Any CPU = Release|Any CPU
	EndGlobalSection
	GlobalSection(ProjectConfigurationPlatforms) = postSolution
		{0C45D81D-7556-4538-A6F7-F388042983C9}.Debug|Any CPU.ActiveCfg = Debug|Any CPU
		{0C45D81D-7556-4538-A6F7-F388042983C9}.Debug|Any CPU.Build.0 = Debug|Any CPU
		{0C45D81D-7556-4538-A6F7-F388042983C9}.Release|Any CPU.ActiveCfg = Release|Any CPU
		{0C45D81D-7556-4538-A6F7-F388042983C9}.Release|Any CPU.Build.0 = Release|Any CPU
	EndGlobalSection
	GlobalSection(SolutionProperties) = preSolution
		HideSolutionNode = FALSE
	EndGlobalSection
	GlobalSection(ExtensibilityGlobals) = postSolution
		SolutionGuid = {7DDEFD33-1D60-4F9D-A7C0-4A43282D5D2D}
	EndGlobalSection
EndGlobal
